
Microsoft Visual Studio Solution File, Format Version 12.00
# Visual Studio Version 17
VisualStudioVersion = 17.0.32112.339
MinimumVisualStudioVersion = 10.0.40219.1
Project("{FAE04EC0-301F-11D3-BF4B-00C04F79EFBC}") = "api-student-dotnet", "api-student-dotnet.csproj", "{3D606EC6-D087-4A82-990C-A01D2F8BA6EC}"
EndProject
Global
	GlobalSection(SolutionConfigurationPlatforms) = preSolution
		Debug|Any CPU = Debug|Any CPU
		Release|Any CPU = Release|Any CPU
	EndGlobalSection
	GlobalSection(ProjectConfigurationPlatforms) = postSolution
		{3D606EC6-D087-4A82-990C-A01D2F8BA6EC}.Debug|Any CPU.ActiveCfg = Debug|Any CPU
		{3D606EC6-D087-4A82-990C-A01D2F8BA6EC}.Debug|Any CPU.Build.0 = Debug|Any CPU
		{3D606EC6-D087-4A82-990C-A01D2F8BA6EC}.Release|Any CPU.ActiveCfg = Release|Any CPU
		{3D606EC6-D087-4A82-990C-A01D2F8BA6EC}.Release|Any CPU.Build.0 = Release|Any CPU
	EndGlobalSection
	GlobalSection(SolutionProperties) = preSolution
		HideSolutionNode = FALSE
	EndGlobalSection
	GlobalSection(ExtensibilityGlobals) = postSolution
		SolutionGuid = {0D9E91FB-5B2D-4D5D-8765-C881FD0DB656}
	EndGlobalSection
EndGlobal
